
Microsoft Visual Studio Solution File, Format Version 12.00
# Visual Studio Version 17
VisualStudioVersion = 17.5.33627.172
MinimumVisualStudioVersion = 10.0.40219.1
Project("{FAE04EC0-301F-11D3-BF4B-00C04F79EFBC}") = "commonLib", "commonLib\commonLib.csproj", "{DC955D4D-1B14-4F07-94FF-D11D6AE2340A}"
EndProject
Project("{FAE04EC0-301F-11D3-BF4B-00C04F79EFBC}") = "XDC03Debug", "XDC03Debug\XDC03Debug.csproj", "{4753780F-F91F-4F83-8647-9E5AF26CDC26}"
EndProject
Project("{FAE04EC0-301F-11D3-BF4B-00C04F79EFBC}") = "XDC03Serial", "XDC03Serial\XDC03Serial.csproj", "{E4B7A34F-8137-422B-A89C-67221ACAA980}"
EndProject
Project("{FAE04EC0-301F-11D3-BF4B-00C04F79EFBC}") = "XDC03_Test_Tool", "XDC03_Test_Tool\XDC03_Test_Tool.csproj", "{EBC80B9C-C649-4212-9EA2-0B257CE67E95}"
EndProject
Project("{FAE04EC0-301F-11D3-BF4B-00C04F79EFBC}") = "PCCommand", "PCCommand\PCCommand.csproj", "{FB4826B4-8B1D-4106-AE13-4FD3451205C0}"
EndProject
Project("{FAE04EC0-301F-11D3-BF4B-00C04F79EFBC}") = "ConfigFileLib", "ConfigFileLib\ConfigFileLib.csproj", "{9C361D8A-AF72-4539-A517-4A611EF93060}"
EndProject
Project("{FAE04EC0-301F-11D3-BF4B-00C04F79EFBC}") = "LogLib", "LogLib\LogLib.csproj", "{D740C631-0779-4666-9A05-03E340006933}"
EndProject
Project("{FAE04EC0-301F-11D3-BF4B-00C04F79EFBC}") = "TestDataLib", "TestDataLib\TestDataLib.csproj", "{D3FF1B65-1C78-438C-930F-3A9C56BEE33A}"
EndProject
Project("{FAE04EC0-301F-11D3-BF4B-00C04F79EFBC}") = "RelaySerial", "RelaySerial\RelaySerial.csproj", "{5D2B620E-4C99-46C2-9A3E-5FE009E707DF}"
EndProject
Project("{FAE04EC0-301F-11D3-BF4B-00C04F79EFBC}") = "TDMSerial", "TDMSerial\TDMSerial.csproj", "{4E7AF621-2B50-4884-9B7A-4E356AE6251A}"
EndProject
Project("{FAE04EC0-301F-11D3-BF4B-00C04F79EFBC}") = "MyCustomDialog", "MyCustomDialog\MyCustomDialog.csproj", "{763C020A-2844-4E6D-8871-902B1D280796}"
EndProject
Project("{FAE04EC0-301F-11D3-BF4B-00C04F79EFBC}") = "VLCForm", "VLCForm\VLCForm.csproj", "{61006077-A4F0-44A2-88AC-A9A2C162D113}"
EndProject
Project("{FAE04EC0-301F-11D3-BF4B-00C04F79EFBC}") = "DSA700Lib", "DSA700Lib\DSA700Lib.csproj", "{608CF3CF-7B59-4D34-B29B-931D7F8DF237}"
EndProject
Project("{FAE04EC0-301F-11D3-BF4B-00C04F79EFBC}") = "CloudAPILib", "CloudAPILib\CloudAPILib.csproj", "{63ECD551-48BC-4EFA-A2FC-A229D36CC2ED}"
EndProject
Project("{FAE04EC0-301F-11D3-BF4B-00C04F79EFBC}") = "CameraRTOSLib", "CameraRTOSLib\CameraRTOSLib.csproj", "{B7F7FA02-B6A8-428F-BCB0-1CCE481E9ADF}"
EndProject
Project("{FAE04EC0-301F-11D3-BF4B-00C04F79EFBC}") = "FLUKE8808ALib", "FLUKE8808ALib\FLUKE8808ALib.csproj", "{5389A472-E2F7-4FEA-AEA5-5C14E6C334DF}"
EndProject
Project("{FAE04EC0-301F-11D3-BF4B-00C04F79EFBC}") = "emguCV", "emguCV\emguCV.csproj", "{CA496CB7-6F45-46C6-BAEB-525EBB6A2ECE}"
EndProject
Project("{FAE04EC0-301F-11D3-BF4B-00C04F79EFBC}") = "AForge", "AForge\AForge.csproj", "{93645880-7D9B-499C-8E0E-70A6C51822E5}"
EndProject
Project("{FAE04EC0-301F-11D3-BF4B-00C04F79EFBC}") = "MS8040Lib", "MS8040Lib\MS8040Lib.csproj", "{FFBF9B4F-E534-4804-811C-C81D673C82D8}"
EndProject
Project("{FAE04EC0-301F-11D3-BF4B-00C04F79EFBC}") = "OpenCVSharpCamera", "OpenCVSharpCamera\OpenCVSharpCamera.csproj", "{38F0AC99-0F8F-4946-9C2B-4B528F256AAB}"
EndProject
Project("{FAE04EC0-301F-11D3-BF4B-00C04F79EFBC}") = "ERPInfoLib", "ERPInfoLib\ERPInfoLib.csproj", "{11716CBC-B961-4BAD-8AF8-F1C5940C0294}"
EndProject
Project("{FAE04EC0-301F-11D3-BF4B-00C04F79EFBC}") = "SmartBattery", "SmartBattery\SmartBattery.csproj", "{8713B6F9-D75B-467F-8F11-2DC493410559}"
EndProject
Project("{FAE04EC0-301F-11D3-BF4B-00C04F79EFBC}") = "RP-C-MK06", "RP-C-MK06\RP-C-MK06.csproj", "{88D20677-2BC9-4BF3-8D2B-CCD333641D82}"
EndProject
Project("{FAE04EC0-301F-11D3-BF4B-00C04F79EFBC}") = "ConfigLib", "ConfigLib\ConfigLib.csproj", "{BDDF793F-7848-4D6C-8BE3-89C701F5FB40}"
EndProject
Project("{FAE04EC0-301F-11D3-BF4B-00C04F79EFBC}") = "DS18B20_Temp_Sensor", "DS18B20_Temp_Sensor\DS18B20_Temp_Sensor.csproj", "{E4143136-D242-4D27-ADC2-97351E537B30}"
EndProject
Project("{FAE04EC0-301F-11D3-BF4B-00C04F79EFBC}") = "BleSolution", "BleSolution\BleSolution.csproj", "{BFC20B03-5297-4E0D-A918-D86DC74A1242}"
EndProject
Project("{FAE04EC0-301F-11D3-BF4B-00C04F79EFBC}") = "IT8500Controller", "IT8500Controller\IT8500Controller.csproj", "{E6898CE5-5EC2-43C1-BCC5-7B87B53B7E6C}"
EndProject
Project("{FAE04EC0-301F-11D3-BF4B-00C04F79EFBC}") = "CMW500Lib", "CMW500Lib\CMW500Lib.csproj", "{86B380F9-04F1-4F7E-888E-E3351A1EB733}"
EndProject
Global
	GlobalSection(SolutionConfigurationPlatforms) = preSolution
		Debug|Any CPU = Debug|Any CPU
		Debug|x86 = Debug|x86
		Release|Any CPU = Release|Any CPU
		Release|x86 = Release|x86
	EndGlobalSection
	GlobalSection(ProjectConfigurationPlatforms) = postSolution
		{DC955D4D-1B14-4F07-94FF-D11D6AE2340A}.Debug|Any CPU.ActiveCfg = Debug|Any CPU
		{DC955D4D-1B14-4F07-94FF-D11D6AE2340A}.Debug|Any CPU.Build.0 = Debug|Any CPU
		{DC955D4D-1B14-4F07-94FF-D11D6AE2340A}.Debug|x86.ActiveCfg = Debug|Any CPU
		{DC955D4D-1B14-4F07-94FF-D11D6AE2340A}.Debug|x86.Build.0 = Debug|Any CPU
		{DC955D4D-1B14-4F07-94FF-D11D6AE2340A}.Release|Any CPU.ActiveCfg = Release|Any CPU
		{DC955D4D-1B14-4F07-94FF-D11D6AE2340A}.Release|Any CPU.Build.0 = Release|Any CPU
		{DC955D4D-1B14-4F07-94FF-D11D6AE2340A}.Release|x86.ActiveCfg = Release|Any CPU
		{DC955D4D-1B14-4F07-94FF-D11D6AE2340A}.Release|x86.Build.0 = Release|Any CPU
		{4753780F-F91F-4F83-8647-9E5AF26CDC26}.Debug|Any CPU.ActiveCfg = Debug|Any CPU
		{4753780F-F91F-4F83-8647-9E5AF26CDC26}.Debug|Any CPU.Build.0 = Debug|Any CPU
		{4753780F-F91F-4F83-8647-9E5AF26CDC26}.Debug|x86.ActiveCfg = Debug|Any CPU
		{4753780F-F91F-4F83-8647-9E5AF26CDC26}.Debug|x86.Build.0 = Debug|Any CPU
		{4753780F-F91F-4F83-8647-9E5AF26CDC26}.Release|Any CPU.ActiveCfg = Release|Any CPU
		{4753780F-F91F-4F83-8647-9E5AF26CDC26}.Release|Any CPU.Build.0 = Release|Any CPU
		{4753780F-F91F-4F83-8647-9E5AF26CDC26}.Release|x86.ActiveCfg = Release|Any CPU
		{4753780F-F91F-4F83-8647-9E5AF26CDC26}.Release|x86.Build.0 = Release|Any CPU
		{E4B7A34F-8137-422B-A89C-67221ACAA980}.Debug|Any CPU.ActiveCfg = Debug|Any CPU
		{E4B7A34F-8137-422B-A89C-67221ACAA980}.Debug|Any CPU.Build.0 = Debug|Any CPU
		{E4B7A34F-8137-422B-A89C-67221ACAA980}.Debug|x86.ActiveCfg = Debug|Any CPU
		{E4B7A34F-8137-422B-A89C-67221ACAA980}.Debug|x86.Build.0 = Debug|Any CPU
		{E4B7A34F-8137-422B-A89C-67221ACAA980}.Release|Any CPU.ActiveCfg = Release|Any CPU
		{E4B7A34F-8137-422B-A89C-67221ACAA980}.Release|Any CPU.Build.0 = Release|Any CPU
		{E4B7A34F-8137-422B-A89C-67221ACAA980}.Release|x86.ActiveCfg = Release|Any CPU
		{E4B7A34F-8137-422B-A89C-67221ACAA980}.Release|x86.Build.0 = Release|Any CPU
		{EBC80B9C-C649-4212-9EA2-0B257CE67E95}.Debug|Any CPU.ActiveCfg = Debug|Any CPU
		{EBC80B9C-C649-4212-9EA2-0B257CE67E95}.Debug|Any CPU.Build.0 = Debug|Any CPU
		{EBC80B9C-C649-4212-9EA2-0B257CE67E95}.Debug|x86.ActiveCfg = Debug|Any CPU
		{EBC80B9C-C649-4212-9EA2-0B257CE67E95}.Debug|x86.Build.0 = Debug|Any CPU
		{EBC80B9C-C649-4212-9EA2-0B257CE67E95}.Release|Any CPU.ActiveCfg = Release|Any CPU
		{EBC80B9C-C649-4212-9EA2-0B257CE67E95}.Release|Any CPU.Build.0 = Release|Any CPU
		{EBC80B9C-C649-4212-9EA2-0B257CE67E95}.Release|x86.ActiveCfg = Release|Any CPU
		{EBC80B9C-C649-4212-9EA2-0B257CE67E95}.Release|x86.Build.0 = Release|Any CPU
		{FB4826B4-8B1D-4106-AE13-4FD3451205C0}.Debug|Any CPU.ActiveCfg = Debug|Any CPU
		{FB4826B4-8B1D-4106-AE13-4FD3451205C0}.Debug|Any CPU.Build.0 = Debug|Any CPU
		{FB4826B4-8B1D-4106-AE13-4FD3451205C0}.Debug|x86.ActiveCfg = Debug|Any CPU
		{FB4826B4-8B1D-4106-AE13-4FD3451205C0}.Debug|x86.Build.0 = Debug|Any CPU
		{FB4826B4-8B1D-4106-AE13-4FD3451205C0}.Release|Any CPU.ActiveCfg = Release|Any CPU
		{FB4826B4-8B1D-4106-AE13-4FD3451205C0}.Release|Any CPU.Build.0 = Release|Any CPU
		{FB4826B4-8B1D-4106-AE13-4FD3451205C0}.Release|x86.ActiveCfg = Release|Any CPU
		{FB4826B4-8B1D-4106-AE13-4FD3451205C0}.Release|x86.Build.0 = Release|Any CPU
		{9C361D8A-AF72-4539-A517-4A611EF93060}.Debug|Any CPU.ActiveCfg = Debug|Any CPU
		{9C361D8A-AF72-4539-A517-4A611EF93060}.Debug|Any CPU.Build.0 = Debug|Any CPU
		{9C361D8A-AF72-4539-A517-4A611EF93060}.Debug|x86.ActiveCfg = Debug|Any CPU
		{9C361D8A-AF72-4539-A517-4A611EF93060}.Debug|x86.Build.0 = Debug|Any CPU
		{9C361D8A-AF72-4539-A517-4A611EF93060}.Release|Any CPU.ActiveCfg = Release|Any CPU
		{9C361D8A-AF72-4539-A517-4A611EF93060}.Release|Any CPU.Build.0 = Release|Any CPU
		{9C361D8A-AF72-4539-A517-4A611EF93060}.Release|x86.ActiveCfg = Release|Any CPU
		{9C361D8A-AF72-4539-A517-4A611EF93060}.Release|x86.Build.0 = Release|Any CPU
		{D740C631-0779-4666-9A05-03E340006933}.Debug|Any CPU.ActiveCfg = Debug|Any CPU
		{D740C631-0779-4666-9A05-03E340006933}.Debug|Any CPU.Build.0 = Debug|Any CPU
		{D740C631-0779-4666-9A05-03E340006933}.Debug|x86.ActiveCfg = Debug|Any CPU
		{D740C631-0779-4666-9A05-03E340006933}.Debug|x86.Build.0 = Debug|Any CPU
		{D740C631-0779-4666-9A05-03E340006933}.Release|Any CPU.ActiveCfg = Release|Any CPU
		{D740C631-0779-4666-9A05-03E340006933}.Release|Any CPU.Build.0 = Release|Any CPU
		{D740C631-0779-4666-9A05-03E340006933}.Release|x86.ActiveCfg = Release|Any CPU
		{D740C631-0779-4666-9A05-03E340006933}.Release|x86.Build.0 = Release|Any CPU
		{D3FF1B65-1C78-438C-930F-3A9C56BEE33A}.Debug|Any CPU.ActiveCfg = Debug|Any CPU
		{D3FF1B65-1C78-438C-930F-3A9C56BEE33A}.Debug|Any CPU.Build.0 = Debug|Any CPU
		{D3FF1B65-1C78-438C-930F-3A9C56BEE33A}.Debug|x86.ActiveCfg = Debug|Any CPU
		{D3FF1B65-1C78-438C-930F-3A9C56BEE33A}.Debug|x86.Build.0 = Debug|Any CPU
		{D3FF1B65-1C78-438C-930F-3A9C56BEE33A}.Release|Any CPU.ActiveCfg = Release|Any CPU
		{D3FF1B65-1C78-438C-930F-3A9C56BEE33A}.Release|Any CPU.Build.0 = Release|Any CPU
		{D3FF1B65-1C78-438C-930F-3A9C56BEE33A}.Release|x86.ActiveCfg = Release|Any CPU
		{D3FF1B65-1C78-438C-930F-3A9C56BEE33A}.Release|x86.Build.0 = Release|Any CPU
		{5D2B620E-4C99-46C2-9A3E-5FE009E707DF}.Debug|Any CPU.ActiveCfg = Debug|Any CPU
		{5D2B620E-4C99-46C2-9A3E-5FE009E707DF}.Debug|Any CPU.Build.0 = Debug|Any CPU
		{5D2B620E-4C99-46C2-9A3E-5FE009E707DF}.Debug|x86.ActiveCfg = Debug|Any CPU
		{5D2B620E-4C99-46C2-9A3E-5FE009E707DF}.Debug|x86.Build.0 = Debug|Any CPU
		{5D2B620E-4C99-46C2-9A3E-5FE009E707DF}.Release|Any CPU.ActiveCfg = Release|Any CPU
		{5D2B620E-4C99-46C2-9A3E-5FE009E707DF}.Release|Any CPU.Build.0 = Release|Any CPU
		{5D2B620E-4C99-46C2-9A3E-5FE009E707DF}.Release|x86.ActiveCfg = Release|Any CPU
		{5D2B620E-4C99-46C2-9A3E-5FE009E707DF}.Release|x86.Build.0 = Release|Any CPU
		{4E7AF621-2B50-4884-9B7A-4E356AE6251A}.Debug|Any CPU.ActiveCfg = Debug|Any CPU
		{4E7AF621-2B50-4884-9B7A-4E356AE6251A}.Debug|Any CPU.Build.0 = Debug|Any CPU
		{4E7AF621-2B50-4884-9B7A-4E356AE6251A}.Debug|x86.ActiveCfg = Debug|Any CPU
		{4E7AF621-2B50-4884-9B7A-4E356AE6251A}.Debug|x86.Build.0 = Debug|Any CPU
		{4E7AF621-2B50-4884-9B7A-4E356AE6251A}.Release|Any CPU.ActiveCfg = Release|Any CPU
		{4E7AF621-2B50-4884-9B7A-4E356AE6251A}.Release|Any CPU.Build.0 = Release|Any CPU
		{4E7AF621-2B50-4884-9B7A-4E356AE6251A}.Release|x86.ActiveCfg = Release|Any CPU
		{4E7AF621-2B50-4884-9B7A-4E356AE6251A}.Release|x86.Build.0 = Release|Any CPU
		{763C020A-2844-4E6D-8871-902B1D280796}.Debug|Any CPU.ActiveCfg = Debug|Any CPU
		{763C020A-2844-4E6D-8871-902B1D280796}.Debug|Any CPU.Build.0 = Debug|Any CPU
		{763C020A-2844-4E6D-8871-902B1D280796}.Debug|x86.ActiveCfg = Debug|Any CPU
		{763C020A-2844-4E6D-8871-902B1D280796}.Debug|x86.Build.0 = Debug|Any CPU
		{763C020A-2844-4E6D-8871-902B1D280796}.Release|Any CPU.ActiveCfg = Release|Any CPU
		{763C020A-2844-4E6D-8871-902B1D280796}.Release|Any CPU.Build.0 = Release|Any CPU
		{763C020A-2844-4E6D-8871-902B1D280796}.Release|x86.ActiveCfg = Release|Any CPU
		{763C020A-2844-4E6D-8871-902B1D280796}.Release|x86.Build.0 = Release|Any CPU
		{61006077-A4F0-44A2-88AC-A9A2C162D113}.Debug|Any CPU.ActiveCfg = Debug|Any CPU
		{61006077-A4F0-44A2-88AC-A9A2C162D113}.Debug|Any CPU.Build.0 = Debug|Any CPU
		{61006077-A4F0-44A2-88AC-A9A2C162D113}.Debug|x86.ActiveCfg = Debug|Any CPU
		{61006077-A4F0-44A2-88AC-A9A2C162D113}.Debug|x86.Build.0 = Debug|Any CPU
		{61006077-A4F0-44A2-88AC-A9A2C162D113}.Release|Any CPU.ActiveCfg = Release|Any CPU
		{61006077-A4F0-44A2-88AC-A9A2C162D113}.Release|Any CPU.Build.0 = Release|Any CPU
		{61006077-A4F0-44A2-88AC-A9A2C162D113}.Release|x86.ActiveCfg = Release|Any CPU
		{61006077-A4F0-44A2-88AC-A9A2C162D113}.Release|x86.Build.0 = Release|Any CPU
		{608CF3CF-7B59-4D34-B29B-931D7F8DF237}.Debug|Any CPU.ActiveCfg = Debug|Any CPU
		{608CF3CF-7B59-4D34-B29B-931D7F8DF237}.Debug|Any CPU.Build.0 = Debug|Any CPU
		{608CF3CF-7B59-4D34-B29B-931D7F8DF237}.Debug|x86.ActiveCfg = Debug|Any CPU
		{608CF3CF-7B59-4D34-B29B-931D7F8DF237}.Debug|x86.Build.0 = Debug|Any CPU
		{608CF3CF-7B59-4D34-B29B-931D7F8DF237}.Release|Any CPU.ActiveCfg = Release|Any CPU
		{608CF3CF-7B59-4D34-B29B-931D7F8DF237}.Release|Any CPU.Build.0 = Release|Any CPU
		{608CF3CF-7B59-4D34-B29B-931D7F8DF237}.Release|x86.ActiveCfg = Release|Any CPU
		{608CF3CF-7B59-4D34-B29B-931D7F8DF237}.Release|x86.Build.0 = Release|Any CPU
		{63ECD551-48BC-4EFA-A2FC-A229D36CC2ED}.Debug|Any CPU.ActiveCfg = Debug|Any CPU
		{63ECD551-48BC-4EFA-A2FC-A229D36CC2ED}.Debug|Any CPU.Build.0 = Debug|Any CPU
		{63ECD551-48BC-4EFA-A2FC-A229D36CC2ED}.Debug|x86.ActiveCfg = Debug|Any CPU
		{63ECD551-48BC-4EFA-A2FC-A229D36CC2ED}.Debug|x86.Build.0 = Debug|Any CPU
		{63ECD551-48BC-4EFA-A2FC-A229D36CC2ED}.Release|Any CPU.ActiveCfg = Release|Any CPU
		{63ECD551-48BC-4EFA-A2FC-A229D36CC2ED}.Release|Any CPU.Build.0 = Release|Any CPU
		{63ECD551-48BC-4EFA-A2FC-A229D36CC2ED}.Release|x86.ActiveCfg = Release|Any CPU
		{63ECD551-48BC-4EFA-A2FC-A229D36CC2ED}.Release|x86.Build.0 = Release|Any CPU
		{B7F7FA02-B6A8-428F-BCB0-1CCE481E9ADF}.Debug|Any CPU.ActiveCfg = Debug|Any CPU
		{B7F7FA02-B6A8-428F-BCB0-1CCE481E9ADF}.Debug|Any CPU.Build.0 = Debug|Any CPU
		{B7F7FA02-B6A8-428F-BCB0-1CCE481E9ADF}.Debug|x86.ActiveCfg = Debug|Any CPU
		{B7F7FA02-B6A8-428F-BCB0-1CCE481E9ADF}.Debug|x86.Build.0 = Debug|Any CPU
		{B7F7FA02-B6A8-428F-BCB0-1CCE481E9ADF}.Release|Any CPU.ActiveCfg = Release|Any CPU
		{B7F7FA02-B6A8-428F-BCB0-1CCE481E9ADF}.Release|Any CPU.Build.0 = Release|Any CPU
		{B7F7FA02-B6A8-428F-BCB0-1CCE481E9ADF}.Release|x86.ActiveCfg = Release|Any CPU
		{B7F7FA02-B6A8-428F-BCB0-1CCE481E9ADF}.Release|x86.Build.0 = Release|Any CPU
		{5389A472-E2F7-4FEA-AEA5-5C14E6C334DF}.Debug|Any CPU.ActiveCfg = Debug|Any CPU
		{5389A472-E2F7-4FEA-AEA5-5C14E6C334DF}.Debug|Any CPU.Build.0 = Debug|Any CPU
		{5389A472-E2F7-4FEA-AEA5-5C14E6C334DF}.Debug|x86.ActiveCfg = Debug|Any CPU
		{5389A472-E2F7-4FEA-AEA5-5C14E6C334DF}.Debug|x86.Build.0 = Debug|Any CPU
		{5389A472-E2F7-4FEA-AEA5-5C14E6C334DF}.Release|Any CPU.ActiveCfg = Release|Any CPU
		{5389A472-E2F7-4FEA-AEA5-5C14E6C334DF}.Release|Any CPU.Build.0 = Release|Any CPU
		{5389A472-E2F7-4FEA-AEA5-5C14E6C334DF}.Release|x86.ActiveCfg = Release|Any CPU
		{5389A472-E2F7-4FEA-AEA5-5C14E6C334DF}.Release|x86.Build.0 = Release|Any CPU
		{CA496CB7-6F45-46C6-BAEB-525EBB6A2ECE}.Debug|Any CPU.ActiveCfg = Debug|Any CPU
		{CA496CB7-6F45-46C6-BAEB-525EBB6A2ECE}.Debug|Any CPU.Build.0 = Debug|Any CPU
		{CA496CB7-6F45-46C6-BAEB-525EBB6A2ECE}.Debug|x86.ActiveCfg = Debug|Any CPU
		{CA496CB7-6F45-46C6-BAEB-525EBB6A2ECE}.Debug|x86.Build.0 = Debug|Any CPU
		{CA496CB7-6F45-46C6-BAEB-525EBB6A2ECE}.Release|Any CPU.ActiveCfg = Release|Any CPU
		{CA496CB7-6F45-46C6-BAEB-525EBB6A2ECE}.Release|Any CPU.Build.0 = Release|Any CPU
		{CA496CB7-6F45-46C6-BAEB-525EBB6A2ECE}.Release|x86.ActiveCfg = Release|Any CPU
		{CA496CB7-6F45-46C6-BAEB-525EBB6A2ECE}.Release|x86.Build.0 = Release|Any CPU
		{93645880-7D9B-499C-8E0E-70A6C51822E5}.Debug|Any CPU.ActiveCfg = Debug|Any CPU
		{93645880-7D9B-499C-8E0E-70A6C51822E5}.Debug|Any CPU.Build.0 = Debug|Any CPU
		{93645880-7D9B-499C-8E0E-70A6C51822E5}.Debug|x86.ActiveCfg = Debug|Any CPU
		{93645880-7D9B-499C-8E0E-70A6C51822E5}.Debug|x86.Build.0 = Debug|Any CPU
		{93645880-7D9B-499C-8E0E-70A6C51822E5}.Release|Any CPU.ActiveCfg = Release|Any CPU
		{93645880-7D9B-499C-8E0E-70A6C51822E5}.Release|Any CPU.Build.0 = Release|Any CPU
		{93645880-7D9B-499C-8E0E-70A6C51822E5}.Release|x86.ActiveCfg = Release|Any CPU
		{93645880-7D9B-499C-8E0E-70A6C51822E5}.Release|x86.Build.0 = Release|Any CPU
		{FFBF9B4F-E534-4804-811C-C81D673C82D8}.Debug|Any CPU.ActiveCfg = Debug|Any CPU
		{FFBF9B4F-E534-4804-811C-C81D673C82D8}.Debug|Any CPU.Build.0 = Debug|Any CPU
		{FFBF9B4F-E534-4804-811C-C81D673C82D8}.Debug|x86.ActiveCfg = Debug|Any CPU
		{FFBF9B4F-E534-4804-811C-C81D673C82D8}.Debug|x86.Build.0 = Debug|Any CPU
		{FFBF9B4F-E534-4804-811C-C81D673C82D8}.Release|Any CPU.ActiveCfg = Release|Any CPU
		{FFBF9B4F-E534-4804-811C-C81D673C82D8}.Release|Any CPU.Build.0 = Release|Any CPU
		{FFBF9B4F-E534-4804-811C-C81D673C82D8}.Release|x86.ActiveCfg = Release|Any CPU
		{FFBF9B4F-E534-4804-811C-C81D673C82D8}.Release|x86.Build.0 = Release|Any CPU
		{38F0AC99-0F8F-4946-9C2B-4B528F256AAB}.Debug|Any CPU.ActiveCfg = Debug|Any CPU
		{38F0AC99-0F8F-4946-9C2B-4B528F256AAB}.Debug|Any CPU.Build.0 = Debug|Any CPU
		{38F0AC99-0F8F-4946-9C2B-4B528F256AAB}.Debug|x86.ActiveCfg = Debug|x86
		{38F0AC99-0F8F-4946-9C2B-4B528F256AAB}.Debug|x86.Build.0 = Debug|x86
		{38F0AC99-0F8F-4946-9C2B-4B528F256AAB}.Release|Any CPU.ActiveCfg = Release|Any CPU
		{38F0AC99-0F8F-4946-9C2B-4B528F256AAB}.Release|Any CPU.Build.0 = Release|Any CPU
		{38F0AC99-0F8F-4946-9C2B-4B528F256AAB}.Release|x86.ActiveCfg = Release|x86
		{38F0AC99-0F8F-4946-9C2B-4B528F256AAB}.Release|x86.Build.0 = Release|x86
		{11716CBC-B961-4BAD-8AF8-F1C5940C0294}.Debug|Any CPU.ActiveCfg = Debug|Any CPU
		{11716CBC-B961-4BAD-8AF8-F1C5940C0294}.Debug|Any CPU.Build.0 = Debug|Any CPU
		{11716CBC-B961-4BAD-8AF8-F1C5940C0294}.Debug|x86.ActiveCfg = Debug|Any CPU
		{11716CBC-B961-4BAD-8AF8-F1C5940C0294}.Debug|x86.Build.0 = Debug|Any CPU
		{11716CBC-B961-4BAD-8AF8-F1C5940C0294}.Release|Any CPU.ActiveCfg = Release|Any CPU
		{11716CBC-B961-4BAD-8AF8-F1C5940C0294}.Release|Any CPU.Build.0 = Release|Any CPU
		{11716CBC-B961-4BAD-8AF8-F1C5940C0294}.Release|x86.ActiveCfg = Release|Any CPU
		{11716CBC-B961-4BAD-8AF8-F1C5940C0294}.Release|x86.Build.0 = Release|Any CPU
		{8713B6F9-D75B-467F-8F11-2DC493410559}.Debug|Any CPU.ActiveCfg = Debug|Any CPU
		{8713B6F9-D75B-467F-8F11-2DC493410559}.Debug|Any CPU.Build.0 = Debug|Any CPU
		{8713B6F9-D75B-467F-8F11-2DC493410559}.Debug|x86.ActiveCfg = Debug|Any CPU
		{8713B6F9-D75B-467F-8F11-2DC493410559}.Debug|x86.Build.0 = Debug|Any CPU
		{8713B6F9-D75B-467F-8F11-2DC493410559}.Release|Any CPU.ActiveCfg = Release|Any CPU
		{8713B6F9-D75B-467F-8F11-2DC493410559}.Release|Any CPU.Build.0 = Release|Any CPU
		{8713B6F9-D75B-467F-8F11-2DC493410559}.Release|x86.ActiveCfg = Release|Any CPU
		{8713B6F9-D75B-467F-8F11-2DC493410559}.Release|x86.Build.0 = Release|Any CPU
		{88D20677-2BC9-4BF3-8D2B-CCD333641D82}.Debug|Any CPU.ActiveCfg = Debug|Any CPU
		{88D20677-2BC9-4BF3-8D2B-CCD333641D82}.Debug|Any CPU.Build.0 = Debug|Any CPU
		{88D20677-2BC9-4BF3-8D2B-CCD333641D82}.Debug|x86.ActiveCfg = Debug|Any CPU
		{88D20677-2BC9-4BF3-8D2B-CCD333641D82}.Debug|x86.Build.0 = Debug|Any CPU
		{88D20677-2BC9-4BF3-8D2B-CCD333641D82}.Release|Any CPU.ActiveCfg = Release|Any CPU
		{88D20677-2BC9-4BF3-8D2B-CCD333641D82}.Release|Any CPU.Build.0 = Release|Any CPU
		{88D20677-2BC9-4BF3-8D2B-CCD333641D82}.Release|x86.ActiveCfg = Release|Any CPU
		{88D20677-2BC9-4BF3-8D2B-CCD333641D82}.Release|x86.Build.0 = Release|Any CPU
		{BDDF793F-7848-4D6C-8BE3-89C701F5FB40}.Debug|Any CPU.ActiveCfg = Debug|Any CPU
		{BDDF793F-7848-4D6C-8BE3-89C701F5FB40}.Debug|Any CPU.Build.0 = Debug|Any CPU
		{BDDF793F-7848-4D6C-8BE3-89C701F5FB40}.Debug|x86.ActiveCfg = Debug|Any CPU
		{BDDF793F-7848-4D6C-8BE3-89C701F5FB40}.Debug|x86.Build.0 = Debug|Any CPU
		{BDDF793F-7848-4D6C-8BE3-89C701F5FB40}.Release|Any CPU.ActiveCfg = Release|Any CPU
		{BDDF793F-7848-4D6C-8BE3-89C701F5FB40}.Release|Any CPU.Build.0 = Release|Any CPU
		{BDDF793F-7848-4D6C-8BE3-89C701F5FB40}.Release|x86.ActiveCfg = Release|Any CPU
		{BDDF793F-7848-4D6C-8BE3-89C701F5FB40}.Release|x86.Build.0 = Release|Any CPU
		{E4143136-D242-4D27-ADC2-97351E537B30}.Debug|Any CPU.ActiveCfg = Debug|Any CPU
		{E4143136-D242-4D27-ADC2-97351E537B30}.Debug|Any CPU.Build.0 = Debug|Any CPU
		{E4143136-D242-4D27-ADC2-97351E537B30}.Debug|x86.ActiveCfg = Debug|Any CPU
		{E4143136-D242-4D27-ADC2-97351E537B30}.Debug|x86.Build.0 = Debug|Any CPU
		{E4143136-D242-4D27-ADC2-97351E537B30}.Release|Any CPU.ActiveCfg = Release|Any CPU
		{E4143136-D242-4D27-ADC2-97351E537B30}.Release|Any CPU.Build.0 = Release|Any CPU
		{E4143136-D242-4D27-ADC2-97351E537B30}.Release|x86.ActiveCfg = Release|Any CPU
		{E4143136-D242-4D27-ADC2-97351E537B30}.Release|x86.Build.0 = Release|Any CPU
		{BFC20B03-5297-4E0D-A918-D86DC74A1242}.Debug|Any CPU.ActiveCfg = Debug|Any CPU
		{BFC20B03-5297-4E0D-A918-D86DC74A1242}.Debug|Any CPU.Build.0 = Debug|Any CPU
		{BFC20B03-5297-4E0D-A918-D86DC74A1242}.Debug|x86.ActiveCfg = Debug|Any CPU
		{BFC20B03-5297-4E0D-A918-D86DC74A1242}.Debug|x86.Build.0 = Debug|Any CPU
		{BFC20B03-5297-4E0D-A918-D86DC74A1242}.Release|Any CPU.ActiveCfg = Release|Any CPU
		{BFC20B03-5297-4E0D-A918-D86DC74A1242}.Release|Any CPU.Build.0 = Release|Any CPU
		{BFC20B03-5297-4E0D-A918-D86DC74A1242}.Release|x86.ActiveCfg = Release|Any CPU
		{BFC20B03-5297-4E0D-A918-D86DC74A1242}.Release|x86.Build.0 = Release|Any CPU
		{E6898CE5-5EC2-43C1-BCC5-7B87B53B7E6C}.Debug|Any CPU.ActiveCfg = Debug|Any CPU
		{E6898CE5-5EC2-43C1-BCC5-7B87B53B7E6C}.Debug|Any CPU.Build.0 = Debug|Any CPU
		{E6898CE5-5EC2-43C1-BCC5-7B87B53B7E6C}.Debug|x86.ActiveCfg = Debug|Any CPU
		{E6898CE5-5EC2-43C1-BCC5-7B87B53B7E6C}.Debug|x86.Build.0 = Debug|Any CPU
		{E6898CE5-5EC2-43C1-BCC5-7B87B53B7E6C}.Release|Any CPU.ActiveCfg = Release|Any CPU
		{E6898CE5-5EC2-43C1-BCC5-7B87B53B7E6C}.Release|Any CPU.Build.0 = Release|Any CPU
		{E6898CE5-5EC2-43C1-BCC5-7B87B53B7E6C}.Release|x86.ActiveCfg = Release|Any CPU
		{E6898CE5-5EC2-43C1-BCC5-7B87B53B7E6C}.Release|x86.Build.0 = Release|Any CPU
		{86B380F9-04F1-4F7E-888E-E3351A1EB733}.Debug|Any CPU.ActiveCfg = Debug|Any CPU
		{86B380F9-04F1-4F7E-888E-E3351A1EB733}.Debug|Any CPU.Build.0 = Debug|Any CPU
		{86B380F9-04F1-4F7E-888E-E3351A1EB733}.Debug|x86.ActiveCfg = Debug|Any CPU
		{86B380F9-04F1-4F7E-888E-E3351A1EB733}.Debug|x86.Build.0 = Debug|Any CPU
		{86B380F9-04F1-4F7E-888E-E3351A1EB733}.Release|Any CPU.ActiveCfg = Release|Any CPU
		{86B380F9-04F1-4F7E-888E-E3351A1EB733}.Release|Any CPU.Build.0 = Release|Any CPU
		{86B380F9-04F1-4F7E-888E-E3351A1EB733}.Release|x86.ActiveCfg = Release|Any CPU
		{86B380F9-04F1-4F7E-888E-E3351A1EB733}.Release|x86.Build.0 = Release|Any CPU
	EndGlobalSection
	GlobalSection(SolutionProperties) = preSolution
		HideSolutionNode = FALSE
	EndGlobalSection
	GlobalSection(ExtensibilityGlobals) = postSolution
		SolutionGuid = {D6359EC6-E271-4D49-9AD2-F4C94A92498B}
	EndGlobalSection
EndGlobal
